
Microsoft Visual Studio Solution File, Format Version 12.00
# Visual Studio Version 17
VisualStudioVersion = 17.1.32421.90
MinimumVisualStudioVersion = 10.0.40219.1
Project("{8BC9CEB8-8B4A-11D0-8D11-00A0C91BC942}") = "Projekt_MPG", "Projekt_MPG\Projekt_MPG.vcxproj", "{94386475-16A3-4EB7-9837-ABF4D1194B3D}"
EndProject
Global
	GlobalSection(SolutionConfigurationPlatforms) = preSolution
		Debug|x64 = Debug|x64
		Debug|x86 = Debug|x86
		Release|x64 = Release|x64
		Release|x86 = Release|x86
	EndGlobalSection
	GlobalSection(ProjectConfigurationPlatforms) = postSolution
		{94386475-16A3-4EB7-9837-ABF4D1194B3D}.Debug|x64.ActiveCfg = Debug|x64
		{94386475-16A3-4EB7-9837-ABF4D1194B3D}.Debug|x64.Build.0 = Debug|x64
		{94386475-16A3-4EB7-9837-ABF4D1194B3D}.Debug|x86.ActiveCfg = Debug|Win32
		{94386475-16A3-4EB7-9837-ABF4D1194B3D}.Debug|x86.Build.0 = Debug|Win32
		{94386475-16A3-4EB7-9837-ABF4D1194B3D}.Release|x64.ActiveCfg = Release|x64
		{94386475-16A3-4EB7-9837-ABF4D1194B3D}.Release|x64.Build.0 = Release|x64
		{94386475-16A3-4EB7-9837-ABF4D1194B3D}.Release|x86.ActiveCfg = Release|Win32
		{94386475-16A3-4EB7-9837-ABF4D1194B3D}.Release|x86.Build.0 = Release|Win32
	EndGlobalSection
	GlobalSection(SolutionProperties) = preSolution
		HideSolutionNode = FALSE
	EndGlobalSection
	GlobalSection(ExtensibilityGlobals) = postSolution
		SolutionGuid = {C2B65B49-2CC0-49BA-9FB6-B9397DDD3B3E}
	EndGlobalSection
EndGlobal
